// !$*UTF8*$!
{
	archiveVersion = 1;
	classes = {
	};
	objectVersion = 55;
	objects = {

/* Begin PBXBuildFile section */
		F5568AB0290FBF5200A15F26 /* Application.swift in Sources */ = {isa = PBXBuildFile; fileRef = F5568AAF290FBF5200A15F26 /* Application.swift */; };
		F5568AB2290FD10200A15F26 /* SubApplication.swift in Sources */ = {isa = PBXBuildFile; fileRef = F5568AB1290FD10200A15F26 /* SubApplication.swift */; };
		F5568AB4290FD16E00A15F26 /* CalculatorSubApplication.swift in Sources */ = {isa = PBXBuildFile; fileRef = F5568AB3290FD16E00A15F26 /* CalculatorSubApplication.swift */; };
		F5568AB6290FD1DA00A15F26 /* TicTackToeSubApplication.swift in Sources */ = {isa = PBXBuildFile; fileRef = F5568AB5290FD1DA00A15F26 /* TicTackToeSubApplication.swift */; };
		F5568AB8290FD25D00A15F26 /* ExitSubApplication.swift in Sources */ = {isa = PBXBuildFile; fileRef = F5568AB7290FD25D00A15F26 /* ExitSubApplication.swift */; };
		F587831C284E575B008A355E /* Main.swift in Sources */ = {isa = PBXBuildFile; fileRef = F5B549B4284B486A0007051D /* Main.swift */; };
		F5AC3F312918D08500E91CD0 /* UserDataProvider.swift in Sources */ = {isa = PBXBuildFile; fileRef = F5AC3F302918D08500E91CD0 /* UserDataProvider.swift */; };
/* End PBXBuildFile section */

/* Begin PBXBuildRule section */
		F514F3AB284C92750058D476 /* PBXBuildRule */ = {
			isa = PBXBuildRule;
			compilerSpec = com.apple.compilers.proxy.script;
			fileType = sourcecode.yacc;
			inputFiles = (
			);
			isEditable = 1;
			outputFiles = (
			);
			script = "# $(YACC)\n";
		};
/* End PBXBuildRule section */

/* Begin PBXCopyFilesBuildPhase section */
		F5B549AF284B486A0007051D /* CopyFiles */ = {
			isa = PBXCopyFilesBuildPhase;
			buildActionMask = 2147483647;
			dstPath = /usr/share/man/man1/;
			dstSubfolderSpec = 0;
			files = (
			);
			runOnlyForDeploymentPostprocessing = 1;
		};
/* End PBXCopyFilesBuildPhase section */

/* Begin PBXFileReference section */
		F5568AAF290FBF5200A15F26 /* Application.swift */ = {isa = PBXFileReference; lastKnownFileType = sourcecode.swift; path = Application.swift; sourceTree = "<group>"; };
		F5568AB1290FD10200A15F26 /* SubApplication.swift */ = {isa = PBXFileReference; lastKnownFileType = sourcecode.swift; path = SubApplication.swift; sourceTree = "<group>"; };
		F5568AB3290FD16E00A15F26 /* CalculatorSubApplication.swift */ = {isa = PBXFileReference; lastKnownFileType = sourcecode.swift; path = CalculatorSubApplication.swift; sourceTree = "<group>"; };
		F5568AB5290FD1DA00A15F26 /* TicTackToeSubApplication.swift */ = {isa = PBXFileReference; lastKnownFileType = sourcecode.swift; path = TicTackToeSubApplication.swift; sourceTree = "<group>"; };
		F5568AB7290FD25D00A15F26 /* ExitSubApplication.swift */ = {isa = PBXFileReference; lastKnownFileType = sourcecode.swift; path = ExitSubApplication.swift; sourceTree = "<group>"; };
		F5AC3F302918D08500E91CD0 /* UserDataProvider.swift */ = {isa = PBXFileReference; lastKnownFileType = sourcecode.swift; path = UserDataProvider.swift; sourceTree = "<group>"; };
		F5B549B1284B486A0007051D /* swiftBase */ = {isa = PBXFileReference; explicitFileType = "compiled.mach-o.executable"; includeInIndex = 0; path = swiftBase; sourceTree = BUILT_PRODUCTS_DIR; };
		F5B549B4284B486A0007051D /* Main.swift */ = {isa = PBXFileReference; lastKnownFileType = sourcecode.swift; path = Main.swift; sourceTree = "<group>"; usesTabs = 0; };
/* End PBXFileReference section */

/* Begin PBXFrameworksBuildPhase section */
		F5B549AE284B486A0007051D /* Frameworks */ = {
			isa = PBXFrameworksBuildPhase;
			buildActionMask = 2147483647;
			files = (
			);
			runOnlyForDeploymentPostprocessing = 0;
		};
/* End PBXFrameworksBuildPhase section */

/* Begin PBXGroup section */
		F5B549A8284B486A0007051D = {
			isa = PBXGroup;
			children = (
				F5B549B3284B486A0007051D /* swiftBase */,
				F5B549B2284B486A0007051D /* Products */,
			);
			sourceTree = "<group>";
		};
		F5B549B2284B486A0007051D /* Products */ = {
			isa = PBXGroup;
			children = (
				F5B549B1284B486A0007051D /* swiftBase */,
			);
			name = Products;
			sourceTree = "<group>";
		};
		F5B549B3284B486A0007051D /* swiftBase */ = {
			isa = PBXGroup;
			children = (
				F5B549B4284B486A0007051D /* Main.swift */,
				F5568AAF290FBF5200A15F26 /* Application.swift */,
				F5AC3F302918D08500E91CD0 /* UserDataProvider.swift */,
				F5568AB1290FD10200A15F26 /* SubApplication.swift */,
				F5568AB3290FD16E00A15F26 /* CalculatorSubApplication.swift */,
				F5568AB5290FD1DA00A15F26 /* TicTackToeSubApplication.swift */,
				F5568AB7290FD25D00A15F26 /* ExitSubApplication.swift */,
			);
			path = swiftBase;
			sourceTree = "<group>";
		};
/* End PBXGroup section */

/* Begin PBXNativeTarget section */
		F5B549B0284B486A0007051D /* swiftBase */ = {
			isa = PBXNativeTarget;
			buildConfigurationList = F5B549B8284B486A0007051D /* Build configuration list for PBXNativeTarget "swiftBase" */;
			buildPhases = (
				F5B549AD284B486A0007051D /* Sources */,
				F5B549AE284B486A0007051D /* Frameworks */,
				F5B549AF284B486A0007051D /* CopyFiles */,
			);
			buildRules = (
				F514F3AB284C92750058D476 /* PBXBuildRule */,
			);
			dependencies = (
			);
			name = swiftBase;
			productName = swiftBase;
			productReference = F5B549B1284B486A0007051D /* swiftBase */;
			productType = "com.apple.product-type.tool";
		};
/* End PBXNativeTarget section */

/* Begin PBXProject section */
		F5B549A9284B486A0007051D /* Project object */ = {
			isa = PBXProject;
			attributes = {
				BuildIndependentTargetsInParallel = 1;
				LastSwiftUpdateCheck = 1340;
				LastUpgradeCheck = 1400;
				TargetAttributes = {
					F5B549B0284B486A0007051D = {
						CreatedOnToolsVersion = 13.4.1;
					};
				};
			};
			buildConfigurationList = F5B549AC284B486A0007051D /* Build configuration list for PBXProject "swiftBase" */;
			compatibilityVersion = "Xcode 13.0";
			developmentRegion = en;
			hasScannedForEncodings = 0;
			knownRegions = (
				en,
				Base,
			);
			mainGroup = F5B549A8284B486A0007051D;
			productRefGroup = F5B549B2284B486A0007051D /* Products */;
			projectDirPath = "";
			projectRoot = "";
			targets = (
				F5B549B0284B486A0007051D /* swiftBase */,
			);
		};
/* End PBXProject section */

/* Begin PBXSourcesBuildPhase section */
		F5B549AD284B486A0007051D /* Sources */ = {
			isa = PBXSourcesBuildPhase;
			buildActionMask = 2147483647;
			files = (
				F5568AB0290FBF5200A15F26 /* Application.swift in Sources */,
				F5AC3F312918D08500E91CD0 /* UserDataProvider.swift in Sources */,
				F5568AB8290FD25D00A15F26 /* ExitSubApplication.swift in Sources */,
				F5568AB4290FD16E00A15F26 /* CalculatorSubApplication.swift in Sources */,
				F5568AB6290FD1DA00A15F26 /* TicTackToeSubApplication.swift in Sources */,
				F587831C284E575B008A355E /* Main.swift in Sources */,
				F5568AB2290FD10200A15F26 /* SubApplication.swift in Sources */,
			);
			runOnlyForDeploymentPostprocessing = 0;
		};
/* End PBXSourcesBuildPhase section */

/* Begin XCBuildConfiguration section */
		F5B549B6284B486A0007051D /* Debug */ = {
			isa = XCBuildConfiguration;
			buildSettings = {
				ALWAYS_SEARCH_USER_PATHS = NO;
				CLANG_ANALYZER_NONNULL = YES;
				CLANG_ANALYZER_NUMBER_OBJECT_CONVERSION = YES_AGGRESSIVE;
				CLANG_CXX_LANGUAGE_STANDARD = "gnu++17";
				CLANG_ENABLE_MODULES = YES;
				CLANG_ENABLE_OBJC_ARC = YES;
				CLANG_ENABLE_OBJC_WEAK = YES;
				CLANG_WARN_BLOCK_CAPTURE_AUTORELEASING = YES;
				CLANG_WARN_BOOL_CONVERSION = YES;
				CLANG_WARN_COMMA = YES;
				CLANG_WARN_CONSTANT_CONVERSION = YES;
				CLANG_WARN_DEPRECATED_OBJC_IMPLEMENTATIONS = YES;
				CLANG_WARN_DIRECT_OBJC_ISA_USAGE = YES_ERROR;
				CLANG_WARN_DOCUMENTATION_COMMENTS = YES;
				CLANG_WARN_EMPTY_BODY = YES;
				CLANG_WARN_ENUM_CONVERSION = YES;
				CLANG_WARN_INFINITE_RECURSION = YES;
				CLANG_WARN_INT_CONVERSION = YES;
				CLANG_WARN_NON_LITERAL_NULL_CONVERSION = YES;
				CLANG_WARN_OBJC_IMPLICIT_RETAIN_SELF = YES;
				CLANG_WARN_OBJC_LITERAL_CONVERSION = YES;
				CLANG_WARN_OBJC_ROOT_CLASS = YES_ERROR;
				CLANG_WARN_QUOTED_INCLUDE_IN_FRAMEWORK_HEADER = YES;
				CLANG_WARN_RANGE_LOOP_ANALYSIS = YES;
				CLANG_WARN_STRICT_PROTOTYPES = YES;
				CLANG_WARN_SUSPICIOUS_MOVE = YES;
				CLANG_WARN_UNGUARDED_AVAILABILITY = YES_AGGRESSIVE;
				CLANG_WARN_UNREACHABLE_CODE = YES;
				CLANG_WARN__DUPLICATE_METHOD_MATCH = YES;
				COPY_PHASE_STRIP = NO;
				DEAD_CODE_STRIPPING = YES;
				DEBUG_INFORMATION_FORMAT = dwarf;
				ENABLE_STRICT_OBJC_MSGSEND = YES;
				ENABLE_TESTABILITY = YES;
				GCC_C_LANGUAGE_STANDARD = gnu11;
				GCC_DYNAMIC_NO_PIC = NO;
				GCC_NO_COMMON_BLOCKS = YES;
				GCC_OPTIMIZATION_LEVEL = 0;
				GCC_PREPROCESSOR_DEFINITIONS = (
					"DEBUG=1",
					"$(inherited)",
				);
				GCC_WARN_64_TO_32_BIT_CONVERSION = YES;
				GCC_WARN_ABOUT_RETURN_TYPE = YES_ERROR;
				GCC_WARN_UNDECLARED_SELECTOR = YES;
				GCC_WARN_UNINITIALIZED_AUTOS = YES_AGGRESSIVE;
				GCC_WARN_UNUSED_FUNCTION = YES;
				GCC_WARN_UNUSED_VARIABLE = YES;
				MACOSX_DEPLOYMENT_TARGET = 12.3;
				MTL_ENABLE_DEBUG_INFO = INCLUDE_SOURCE;
				MTL_FAST_MATH = YES;
				ONLY_ACTIVE_ARCH = YES;
				SDKROOT = macosx;
				SWIFT_ACTIVE_COMPILATION_CONDITIONS = DEBUG;
				SWIFT_OPTIMIZATION_LEVEL = "-Onone";
				SWIFT_VERSION = 4.0;
			};
			name = Debug;
		};
		F5B549B7284B486A0007051D /* Release */ = {
			isa = XCBuildConfiguration;
			buildSettings = {
				ALWAYS_SEARCH_USER_PATHS = NO;
				CLANG_ANALYZER_NONNULL = YES;
				CLANG_ANALYZER_NUMBER_OBJECT_CONVERSION = YES_AGGRESSIVE;
				CLANG_CXX_LANGUAGE_STANDARD = "gnu++17";
				CLANG_ENABLE_MODULES = YES;
				CLANG_ENABLE_OBJC_ARC = YES;
				CLANG_ENABLE_OBJC_WEAK = YES;
				CLANG_WARN_BLOCK_CAPTURE_AUTORELEASING = YES;
				CLANG_WARN_BOOL_CONVERSION = YES;
				CLANG_WARN_COMMA = YES;
				CLANG_WARN_CONSTANT_CONVERSION = YES;
				CLANG_WARN_DEPRECATED_OBJC_IMPLEMENTATIONS = YES;
				CLANG_WARN_DIRECT_OBJC_ISA_USAGE = YES_ERROR;
				CLANG_WARN_DOCUMENTATION_COMMENTS = YES;
				CLANG_WARN_EMPTY_BODY = YES;
				CLANG_WARN_ENUM_CONVERSION = YES;
				CLANG_WARN_INFINITE_RECURSION = YES;
				CLANG_WARN_INT_CONVERSION = YES;
				CLANG_WARN_NON_LITERAL_NULL_CONVERSION = YES;
				CLANG_WARN_OBJC_IMPLICIT_RETAIN_SELF = YES;
				CLANG_WARN_OBJC_LITERAL_CONVERSION = YES;
				CLANG_WARN_OBJC_ROOT_CLASS = YES_ERROR;
				CLANG_WARN_QUOTED_INCLUDE_IN_FRAMEWORK_HEADER = YES;
				CLANG_WARN_RANGE_LOOP_ANALYSIS = YES;
				CLANG_WARN_STRICT_PROTOTYPES = YES;
				CLANG_WARN_SUSPICIOUS_MOVE = YES;
				CLANG_WARN_UNGUARDED_AVAILABILITY = YES_AGGRESSIVE;
				CLANG_WARN_UNREACHABLE_CODE = YES;
				CLANG_WARN__DUPLICATE_METHOD_MATCH = YES;
				COPY_PHASE_STRIP = NO;
				DEAD_CODE_STRIPPING = YES;
				DEBUG_INFORMATION_FORMAT = "dwarf-with-dsym";
				ENABLE_NS_ASSERTIONS = NO;
				ENABLE_STRICT_OBJC_MSGSEND = YES;
				GCC_C_LANGUAGE_STANDARD = gnu11;
				GCC_NO_COMMON_BLOCKS = YES;
				GCC_WARN_64_TO_32_BIT_CONVERSION = YES;
				GCC_WARN_ABOUT_RETURN_TYPE = YES_ERROR;
				GCC_WARN_UNDECLARED_SELECTOR = YES;
				GCC_WARN_UNINITIALIZED_AUTOS = YES_AGGRESSIVE;
				GCC_WARN_UNUSED_FUNCTION = YES;
				GCC_WARN_UNUSED_VARIABLE = YES;
				MACOSX_DEPLOYMENT_TARGET = 12.3;
				MTL_ENABLE_DEBUG_INFO = NO;
				MTL_FAST_MATH = YES;
				SDKROOT = macosx;
				SWIFT_COMPILATION_MODE = wholemodule;
				SWIFT_OPTIMIZATION_LEVEL = "-O";
				SWIFT_VERSION = 4.0;
			};
			name = Release;
		};
		F5B549B9284B486A0007051D /* Debug */ = {
			isa = XCBuildConfiguration;
			buildSettings = {
				CODE_SIGN_IDENTITY = "-";
				CODE_SIGN_STYLE = Automatic;
				DEAD_CODE_STRIPPING = YES;
				DEVELOPMENT_TEAM = GMD7EK7S94;
				ENABLE_HARDENED_RUNTIME = YES;
				PRODUCT_NAME = "$(TARGET_NAME)";
				SWIFT_VERSION = 5.0;
			};
			name = Debug;
		};
		F5B549BA284B486A0007051D /* Release */ = {
			isa = XCBuildConfiguration;
			buildSettings = {
				CODE_SIGN_IDENTITY = "-";
				CODE_SIGN_STYLE = Automatic;
				DEAD_CODE_STRIPPING = YES;
				DEVELOPMENT_TEAM = GMD7EK7S94;
				ENABLE_HARDENED_RUNTIME = YES;
				PRODUCT_NAME = "$(TARGET_NAME)";
				SWIFT_VERSION = 5.0;
			};
			name = Release;
		};
/* End XCBuildConfiguration section */

/* Begin XCConfigurationList section */
		F5B549AC284B486A0007051D /* Build configuration list for PBXProject "swiftBase" */ = {
			isa = XCConfigurationList;
			buildConfigurations = (
				F5B549B6284B486A0007051D /* Debug */,
				F5B549B7284B486A0007051D /* Release */,
			);
			defaultConfigurationIsVisible = 0;
			defaultConfigurationName = Release;
		};
		F5B549B8284B486A0007051D /* Build configuration list for PBXNativeTarget "swiftBase" */ = {
			isa = XCConfigurationList;
			buildConfigurations = (
				F5B549B9284B486A0007051D /* Debug */,
				F5B549BA284B486A0007051D /* Release */,
			);
			defaultConfigurationIsVisible = 0;
			defaultConfigurationName = Release;
		};
/* End XCConfigurationList section */
	};
	rootObject = F5B549A9284B486A0007051D /* Project object */;
}
